
Microsoft Visual Studio Solution File, Format Version 12.00
# Visual Studio Version 16
VisualStudioVersion = 16.0.30517.126
MinimumVisualStudioVersion = 10.0.40219.1
Project("{FAE04EC0-301F-11D3-BF4B-00C04F79EFBC}") = "Components", "Components\Components.csproj", "{4A683E0E-7E62-405B-8F6C-9F3F13FF18F4}"
EndProject
Project("{FAE04EC0-301F-11D3-BF4B-00C04F79EFBC}") = "Client", "Client\Client.csproj", "{5097E1B1-F6B2-4DB0-BC78-48BFB87C7B11}"
EndProject
Global
	GlobalSection(SolutionConfigurationPlatforms) = preSolution
		Debug|Any CPU = Debug|Any CPU
		Release|Any CPU = Release|Any CPU
	EndGlobalSection
	GlobalSection(ProjectConfigurationPlatforms) = postSolution
		{4A683E0E-7E62-405B-8F6C-9F3F13FF18F4}.Debug|Any CPU.ActiveCfg = Debug|Any CPU
		{4A683E0E-7E62-405B-8F6C-9F3F13FF18F4}.Debug|Any CPU.Build.0 = Debug|Any CPU
		{4A683E0E-7E62-405B-8F6C-9F3F13FF18F4}.Release|Any CPU.ActiveCfg = Release|Any CPU
		{4A683E0E-7E62-405B-8F6C-9F3F13FF18F4}.Release|Any CPU.Build.0 = Release|Any CPU
		{5097E1B1-F6B2-4DB0-BC78-48BFB87C7B11}.Debug|Any CPU.ActiveCfg = Debug|Any CPU
		{5097E1B1-F6B2-4DB0-BC78-48BFB87C7B11}.Debug|Any CPU.Build.0 = Debug|Any CPU
		{5097E1B1-F6B2-4DB0-BC78-48BFB87C7B11}.Release|Any CPU.ActiveCfg = Release|Any CPU
		{5097E1B1-F6B2-4DB0-BC78-48BFB87C7B11}.Release|Any CPU.Build.0 = Release|Any CPU
	EndGlobalSection
	GlobalSection(SolutionProperties) = preSolution
		HideSolutionNode = FALSE
	EndGlobalSection
	GlobalSection(ExtensibilityGlobals) = postSolution
		SolutionGuid = {885D89A3-E7CE-489D-BF7C-3921A7F1BC9A}
	EndGlobalSection
EndGlobal
